
Microsoft Visual Studio Solution File, Format Version 12.00
# Visual Studio 2013
VisualStudioVersion = 12.0.31101.0
MinimumVisualStudioVersion = 10.0.40219.1
Project("{FAE04EC0-301F-11D3-BF4B-00C04F79EFBC}") = "BootstrapMVC", "BootstrapMVC\BootstrapMVC.csproj", "{4C80B96A-58DE-4DF7-8F4C-D4941003148B}"
EndProject
Project("{FAE04EC0-301F-11D3-BF4B-00C04F79EFBC}") = "BootstrapMVC.Tests", "BootstrapMVC.Tests\BootstrapMVC.Tests.csproj", "{11669052-119A-470A-896B-4612BA9D4623}"
EndProject
Global
	GlobalSection(SolutionConfigurationPlatforms) = preSolution
		Debug|Any CPU = Debug|Any CPU
		Release|Any CPU = Release|Any CPU
	EndGlobalSection
	GlobalSection(ProjectConfigurationPlatforms) = postSolution
		{4C80B96A-58DE-4DF7-8F4C-D4941003148B}.Debug|Any CPU.ActiveCfg = Debug|Any CPU
		{4C80B96A-58DE-4DF7-8F4C-D4941003148B}.Debug|Any CPU.Build.0 = Debug|Any CPU
		{4C80B96A-58DE-4DF7-8F4C-D4941003148B}.Release|Any CPU.ActiveCfg = Release|Any CPU
		{4C80B96A-58DE-4DF7-8F4C-D4941003148B}.Release|Any CPU.Build.0 = Release|Any CPU
		{11669052-119A-470A-896B-4612BA9D4623}.Debug|Any CPU.ActiveCfg = Debug|Any CPU
		{11669052-119A-470A-896B-4612BA9D4623}.Debug|Any CPU.Build.0 = Debug|Any CPU
		{11669052-119A-470A-896B-4612BA9D4623}.Release|Any CPU.ActiveCfg = Release|Any CPU
		{11669052-119A-470A-896B-4612BA9D4623}.Release|Any CPU.Build.0 = Release|Any CPU
	EndGlobalSection
	GlobalSection(SolutionProperties) = preSolution
		HideSolutionNode = FALSE
	EndGlobalSection
EndGlobal
